
Microsoft Visual Studio Solution File, Format Version 12.00
# Visual Studio Version 16
VisualStudioVersion = 16.0.31313.79
MinimumVisualStudioVersion = 10.0.40219.1
Project("{FAE04EC0-301F-11D3-BF4B-00C04F79EFBC}") = "WindowsFormsApp1", "WindowsFormsApp1.csproj", "{FF7B57E8-88E2-480C-924F-F2819505334C}"
EndProject
Global
	GlobalSection(SolutionConfigurationPlatforms) = preSolution
		Debug|Any CPU = Debug|Any CPU
		Release|Any CPU = Release|Any CPU
	EndGlobalSection
	GlobalSection(ProjectConfigurationPlatforms) = postSolution
		{FF7B57E8-88E2-480C-924F-F2819505334C}.Debug|Any CPU.ActiveCfg = Debug|Any CPU
		{FF7B57E8-88E2-480C-924F-F2819505334C}.Debug|Any CPU.Build.0 = Debug|Any CPU
		{FF7B57E8-88E2-480C-924F-F2819505334C}.Release|Any CPU.ActiveCfg = Release|Any CPU
		{FF7B57E8-88E2-480C-924F-F2819505334C}.Release|Any CPU.Build.0 = Release|Any CPU
	EndGlobalSection
	GlobalSection(SolutionProperties) = preSolution
		HideSolutionNode = FALSE
	EndGlobalSection
	GlobalSection(ExtensibilityGlobals) = postSolution
		SolutionGuid = {BF24D2CF-4A22-4FDF-B94B-6C4F02E99446}
	EndGlobalSection
EndGlobal
